<?xml version="1.0" encoding="utf-8"?>
<Project ToolsVersion="4.0" xmlns="http://schemas.microsoft.com/developer/msbuild/2003">
  <ItemGroup>
    <Filter Include="源文件">
      <UniqueIdentifier>{4FC737F1-C7A5-4376-A066-2A32D752A2FF}</UniqueIdentifier>
      <Extensions>cpp;c;cc;cxx;c++;cppm;ixx;def;odl;idl;hpj;bat;asm;asmx</Extensions>
    </Filter>
    <Filter Include="头文件">
      <UniqueIdentifier>{93995380-89BD-4b04-88EB-625FBE52EBFB}</UniqueIdentifier>
      <Extensions>h;hh;hpp;hxx;h++;hm;inl;inc;ipp;xsd</Extensions>
    </Filter>
    <Filter Include="资源文件">
      <UniqueIdentifier>{67DA6AB6-F800-4c08-8B7A-83BB121AAD01}</UniqueIdentifier>
      <Extensions>rc;ico;cur;bmp;dlg;rc2;rct;bin;rgs;gif;jpg;jpeg;jpe;resx;tiff;tif;png;wav;mfcribbon-ms</Extensions>
    </Filter>
  </ItemGroup>
  <ItemGroup>
    <ClInclude Include="leetcode\1870准时到达的列车最小时速.h">
      <Filter>头文件</Filter>
    </ClInclude>
    <ClInclude Include="leetcode\1898. 可移除字符的最大数目.h">
      <Filter>头文件</Filter>
    </ClInclude>
    <ClInclude Include="leetcode\415.字符串大数相加.h">
      <Filter>头文件</Filter>
    </ClInclude>
    <ClInclude Include="leetcode\43.字符串相乘.h">
      <Filter>头文件</Filter>
    </ClInclude>
    <ClInclude Include="leetcode\304.矩阵区域和.h">
      <Filter>头文件</Filter>
    </ClInclude>
    <ClInclude Include="leetcode\370.区间加法.h">
      <Filter>头文件</Filter>
    </ClInclude>
    <ClInclude Include="leetcode\2132.邮票铺满网格.h">
      <Filter>头文件</Filter>
    </ClInclude>
    <ClInclude Include="leetcode\713. 乘积小于 K 的子数组.h">
      <Filter>头文件</Filter>
    </ClInclude>
    <ClInclude Include="leetcode\56.合并区间.h">
      <Filter>头文件</Filter>
    </ClInclude>
    <ClInclude Include="排序.h">
      <Filter>头文件</Filter>
    </ClInclude>
    <ClInclude Include="leetcode\907.子数组最小元素之和.h">
      <Filter>头文件</Filter>
    </ClInclude>
    <ClInclude Include="leetcode\962最大坡宽度.h">
      <Filter>头文件</Filter>
    </ClInclude>
    <ClInclude Include="leetcode\209和大于给定值的子数组的最小长度.h">
      <Filter>头文件</Filter>
    </ClInclude>
    <ClInclude Include="数据结构\树.h">
      <Filter>头文件</Filter>
    </ClInclude>
    <ClInclude Include="数据结构\链表.h">
      <Filter>头文件</Filter>
    </ClInclude>
    <ClInclude Include="数据结构\哈希表.h">
      <Filter>头文件</Filter>
    </ClInclude>
    <ClInclude Include="数据结构\图.h">
      <Filter>头文件</Filter>
    </ClInclude>
    <ClInclude Include="leetcode\416分割等和子集.h">
      <Filter>头文件</Filter>
    </ClInclude>
    <ClInclude Include="leetcode\322凑零钱.h">
      <Filter>头文件</Filter>
    </ClInclude>
    <ClInclude Include="leetcode\752转盘锁.h">
      <Filter>头文件</Filter>
    </ClInclude>
    <ClInclude Include="leetcode\773滑动谜题.h">
      <Filter>头文件</Filter>
    </ClInclude>
    <ClInclude Include="leetcode\15.三数之和.h">
      <Filter>头文件</Filter>
    </ClInclude>
    <ClInclude Include="分支限界bfs.h">
      <Filter>头文件</Filter>
    </ClInclude>
    <ClInclude Include="动态规划.h">
      <Filter>头文件</Filter>
    </ClInclude>
    <ClInclude Include="回溯法.h">
      <Filter>头文件</Filter>
    </ClInclude>
    <ClInclude Include="奇技淫巧.h">
      <Filter>头文件</Filter>
    </ClInclude>
    <ClInclude Include="分差数组.h">
      <Filter>头文件</Filter>
    </ClInclude>
    <ClInclude Include="单调栈.h">
      <Filter>头文件</Filter>
    </ClInclude>
    <ClInclude Include="双指针、滑动窗口.h">
      <Filter>头文件</Filter>
    </ClInclude>
    <ClInclude Include="leetcode\739.每日温度.h">
      <Filter>头文件</Filter>
    </ClInclude>
    <ClInclude Include="leetcode\365水壶问题.h">
      <Filter>头文件</Filter>
    </ClInclude>
    <ClInclude Include="leetcode\221最大正方形.h">
      <Filter>头文件</Filter>
    </ClInclude>
    <ClInclude Include="leetcode\base_header.h">
      <Filter>头文件</Filter>
    </ClInclude>
    <ClInclude Include="leetcode\1143最长公共子序列.h">
      <Filter>头文件</Filter>
    </ClInclude>
    <ClInclude Include="leetcode\638大礼包.h">
      <Filter>头文件</Filter>
    </ClInclude>
    <ClInclude Include="leetcode\373 查找和最小的k对数字.h">
      <Filter>头文件</Filter>
    </ClInclude>
    <ClInclude Include="leetcode\378查找矩阵中第k小的元素.h">
      <Filter>头文件</Filter>
    </ClInclude>
    <ClInclude Include="leetcode\75颜色分类.h">
      <Filter>头文件</Filter>
    </ClInclude>
    <ClInclude Include="前缀和.h">
      <Filter>头文件</Filter>
    </ClInclude>
    <ClInclude Include="leetcode\前缀和\1124最长和为正的子数组.h">
      <Filter>头文件</Filter>
    </ClInclude>
    <ClInclude Include="leetcode\前缀和\2845统计趣味子数组个数.h">
      <Filter>头文件</Filter>
    </ClInclude>
    <ClInclude Include="leetcode\前缀和\525.0和1数量相同的最长子数组.h">
      <Filter>头文件</Filter>
    </ClInclude>
    <ClInclude Include="leetcode\前缀和\560.和为k的子数组.h">
      <Filter>头文件</Filter>
    </ClInclude>
    <ClInclude Include="leetcode\滑动窗口\2799.完全子数组.h">
      <Filter>头文件</Filter>
    </ClInclude>
    <ClInclude Include="解题思路.h">
      <Filter>头文件</Filter>
    </ClInclude>
    <ClInclude Include="数据结构\函数.h">
      <Filter>头文件</Filter>
    </ClInclude>
    <ClInclude Include="leetcode\滑动窗口\1685.将x减小到0的最少操作数.h">
      <Filter>头文件</Filter>
    </ClInclude>
    <ClInclude Include="leetcode\滑动窗口\1004.最大连续1的个数.h">
      <Filter>头文件</Filter>
    </ClInclude>
    <ClInclude Include="leetcode\滑动窗口\220.存在重复元素III.h">
      <Filter>头文件</Filter>
    </ClInclude>
    <ClInclude Include="leetcode\滑动窗口\424.替换后最长的重复字符串.h">
      <Filter>头文件</Filter>
    </ClInclude>
    <ClInclude Include="leetcode\240.查找矩阵.h">
      <Filter>头文件</Filter>
    </ClInclude>
    <ClInclude Include="leetcode\二分法\0160.寻找峰值.h">
      <Filter>头文件</Filter>
    </ClInclude>
    <ClInclude Include="leetcode\二分法\33搜索旋转（循环）数组.h">
      <Filter>头文件</Filter>
    </ClInclude>
    <ClInclude Include="二分法.h">
      <Filter>头文件</Filter>
    </ClInclude>
    <ClInclude Include="leetcode\870.最大优势洗牌、田忌赛马 .h">
      <Filter>头文件</Filter>
    </ClInclude>
    <ClInclude Include="leetcode\广度优先遍历\301.删除无效括号.h">
      <Filter>头文件</Filter>
    </ClInclude>
    <ClInclude Include="leetcode\滑动窗口\3.无重复字符子串.h">
      <Filter>头文件</Filter>
    </ClInclude>
    <ClInclude Include="leetcode\二分法\34在排序数组中查找元素的第一个和最后一个位置.h">
      <Filter>头文件</Filter>
    </ClInclude>
    <ClInclude Include="leetcode\单调栈\42接雨水.h">
      <Filter>头文件</Filter>
    </ClInclude>
    <ClInclude Include="leetcode\动态规划\5最长回文子串.h">
      <Filter>头文件</Filter>
    </ClInclude>
    <ClInclude Include="leetcode\栈与队列\388.文件最长绝对路径.h">
      <Filter>头文件</Filter>
    </ClInclude>
    <ClInclude Include="leetcode\栈与队列\155.最小栈.h">
      <Filter>头文件</Filter>
    </ClInclude>
    <ClInclude Include="leetcode\栈与队列\239.滑动窗口的最大值.h">
      <Filter>头文件</Filter>
    </ClInclude>
    <ClInclude Include="leetcode\栈与队列\895.最大频率栈.h">
      <Filter>头文件</Filter>
    </ClInclude>
    <ClInclude Include="leetcode\栈与队列\20.有效的括号.h">
      <Filter>头文件</Filter>
    </ClInclude>
  </ItemGroup>
  <ItemGroup>
    <ClCompile Include="main.cpp">
      <Filter>源文件</Filter>
    </ClCompile>
    <ClCompile Include="数据结构\链表.cpp">
      <Filter>源文件</Filter>
    </ClCompile>
  </ItemGroup>
</Project>